
Microsoft Visual Studio Solution File, Format Version 12.00
# Visual Studio Version 16
VisualStudioVersion = 16.0.29905.134
MinimumVisualStudioVersion = 10.0.40219.1
Project("{FAE04EC0-301F-11D3-BF4B-00C04F79EFBC}") = "Pizzaria", "Pizzaria\Pizzaria.csproj", "{2E380F96-B1AF-4E8B-9E9B-2E0FCB22D4DC}"
EndProject
Global
	GlobalSection(SolutionConfigurationPlatforms) = preSolution
		Debug|Any CPU = Debug|Any CPU
		Release|Any CPU = Release|Any CPU
	EndGlobalSection
	GlobalSection(ProjectConfigurationPlatforms) = postSolution
		{2E380F96-B1AF-4E8B-9E9B-2E0FCB22D4DC}.Debug|Any CPU.ActiveCfg = Debug|Any CPU
		{2E380F96-B1AF-4E8B-9E9B-2E0FCB22D4DC}.Debug|Any CPU.Build.0 = Debug|Any CPU
		{2E380F96-B1AF-4E8B-9E9B-2E0FCB22D4DC}.Release|Any CPU.ActiveCfg = Release|Any CPU
		{2E380F96-B1AF-4E8B-9E9B-2E0FCB22D4DC}.Release|Any CPU.Build.0 = Release|Any CPU
	EndGlobalSection
	GlobalSection(SolutionProperties) = preSolution
		HideSolutionNode = FALSE
	EndGlobalSection
	GlobalSection(ExtensibilityGlobals) = postSolution
		SolutionGuid = {DE0A688F-2213-4A29-A0F0-EC0DDB8E9162}
	EndGlobalSection
EndGlobal
